// !$*UTF8*$!
{
	archiveVersion = 1;
	classes = {
	};
	objectVersion = 46;
	objects = {

/* Begin PBXBuildFile section */
		27D69D341B76A1520090B455 /* mexStereoTest.cpp in Sources */ = {isa = PBXBuildFile; fileRef = 27D69D331B76A1520090B455 /* mexStereoTest.cpp */; };
/* End PBXBuildFile section */

/* Begin PBXContainerItemProxy section */
		27878E901B7A70C3005E05EC /* PBXContainerItemProxy */ = {
			isa = PBXContainerItemProxy;
			containerPortal = 27878E8C1B7A70C2005E05EC /* CameraCalibration.xcodeproj */;
			proxyType = 2;
			remoteGlobalIDString = 27878E821B7A70C2005E05EC;
			remoteInfo = CameraCalibration;
		};
/* End PBXContainerItemProxy section */

/* Begin PBXCopyFilesBuildPhase section */
		27D69D2E1B76A1520090B455 /* CopyFiles */ = {
			isa = PBXCopyFilesBuildPhase;
			buildActionMask = 2147483647;
			dstPath = /usr/share/man/man1/;
			dstSubfolderSpec = 0;
			files = (
			);
			runOnlyForDeploymentPostprocessing = 1;
		};
/* End PBXCopyFilesBuildPhase section */

/* Begin PBXFileReference section */
		27878E8C1B7A70C2005E05EC /* CameraCalibration.xcodeproj */ = {isa = PBXFileReference; lastKnownFileType = "wrapper.pb-project"; name = CameraCalibration.xcodeproj; path = ../CameraCalibration/CameraCalibration.xcodeproj; sourceTree = "<group>"; };
		27D69D301B76A1520090B455 /* mexStereoTest */ = {isa = PBXFileReference; explicitFileType = "compiled.mach-o.executable"; includeInIndex = 0; path = mexStereoTest; sourceTree = BUILT_PRODUCTS_DIR; };
		27D69D331B76A1520090B455 /* mexStereoTest.cpp */ = {isa = PBXFileReference; lastKnownFileType = sourcecode.cpp.cpp; path = mexStereoTest.cpp; sourceTree = "<group>"; };
/* End PBXFileReference section */

/* Begin PBXFrameworksBuildPhase section */
		27D69D2D1B76A1520090B455 /* Frameworks */ = {
			isa = PBXFrameworksBuildPhase;
			buildActionMask = 2147483647;
			files = (
			);
			runOnlyForDeploymentPostprocessing = 0;
		};
/* End PBXFrameworksBuildPhase section */

/* Begin PBXGroup section */
		27878E8D1B7A70C2005E05EC /* Products */ = {
			isa = PBXGroup;
			children = (
				27878E911B7A70C3005E05EC /* CameraCalibration */,
			);
			name = Products;
			sourceTree = "<group>";
		};
		27D69D271B76A1520090B455 = {
			isa = PBXGroup;
			children = (
				27D69D321B76A1520090B455 /* mexStereoTest */,
				27D69D311B76A1520090B455 /* Products */,
				27878E8C1B7A70C2005E05EC /* CameraCalibration.xcodeproj */,
			);
			sourceTree = "<group>";
		};
		27D69D311B76A1520090B455 /* Products */ = {
			isa = PBXGroup;
			children = (
				27D69D301B76A1520090B455 /* mexStereoTest */,
			);
			name = Products;
			sourceTree = "<group>";
		};
		27D69D321B76A1520090B455 /* mexStereoTest */ = {
			isa = PBXGroup;
			children = (
				27D69D331B76A1520090B455 /* mexStereoTest.cpp */,
			);
			path = mexStereoTest;
			sourceTree = "<group>";
		};
/* End PBXGroup section */

/* Begin PBXNativeTarget section */
		27D69D2F1B76A1520090B455 /* mexStereoTest */ = {
			isa = PBXNativeTarget;
			buildConfigurationList = 27D69D371B76A1520090B455 /* Build configuration list for PBXNativeTarget "mexStereoTest" */;
			buildPhases = (
				27D69D2C1B76A1520090B455 /* Sources */,
				27D69D2D1B76A1520090B455 /* Frameworks */,
				27D69D2E1B76A1520090B455 /* CopyFiles */,
			);
			buildRules = (
			);
			dependencies = (
			);
			name = mexStereoTest;
			productName = mexStereoTest;
			productReference = 27D69D301B76A1520090B455 /* mexStereoTest */;
			productType = "com.apple.product-type.tool";
		};
/* End PBXNativeTarget section */

/* Begin PBXProject section */
		27D69D281B76A1520090B455 /* Project object */ = {
			isa = PBXProject;
			attributes = {
				LastUpgradeCheck = 0640;
				ORGANIZATIONNAME = MSS;
				TargetAttributes = {
					27D69D2F1B76A1520090B455 = {
						CreatedOnToolsVersion = 6.4;
					};
				};
			};
			buildConfigurationList = 27D69D2B1B76A1520090B455 /* Build configuration list for PBXProject "mexStereoTest" */;
			compatibilityVersion = "Xcode 3.2";
			developmentRegion = English;
			hasScannedForEncodings = 0;
			knownRegions = (
				en,
			);
			mainGroup = 27D69D271B76A1520090B455;
			productRefGroup = 27D69D311B76A1520090B455 /* Products */;
			projectDirPath = "";
			projectReferences = (
				{
					ProductGroup = 27878E8D1B7A70C2005E05EC /* Products */;
					ProjectRef = 27878E8C1B7A70C2005E05EC /* CameraCalibration.xcodeproj */;
				},
			);
			projectRoot = "";
			targets = (
				27D69D2F1B76A1520090B455 /* mexStereoTest */,
			);
		};
/* End PBXProject section */

/* Begin PBXReferenceProxy section */
		27878E911B7A70C3005E05EC /* CameraCalibration */ = {
			isa = PBXReferenceProxy;
			fileType = "compiled.mach-o.executable";
			path = CameraCalibration;
			remoteRef = 27878E901B7A70C3005E05EC /* PBXContainerItemProxy */;
			sourceTree = BUILT_PRODUCTS_DIR;
		};
/* End PBXReferenceProxy section */

/* Begin PBXSourcesBuildPhase section */
		27D69D2C1B76A1520090B455 /* Sources */ = {
			isa = PBXSourcesBuildPhase;
			buildActionMask = 2147483647;
			files = (
				27D69D341B76A1520090B455 /* mexStereoTest.cpp in Sources */,
			);
			runOnlyForDeploymentPostprocessing = 0;
		};
/* End PBXSourcesBuildPhase section */

/* Begin XCBuildConfiguration section */
		27D69D351B76A1520090B455 /* Debug */ = {
			isa = XCBuildConfiguration;
			buildSettings = {
				ALWAYS_SEARCH_USER_PATHS = NO;
				CLANG_CXX_LANGUAGE_STANDARD = "gnu++0x";
				CLANG_CXX_LIBRARY = "libc++";
				CLANG_ENABLE_MODULES = YES;
				CLANG_ENABLE_OBJC_ARC = YES;
				CLANG_WARN_BOOL_CONVERSION = YES;
				CLANG_WARN_CONSTANT_CONVERSION = YES;
				CLANG_WARN_DIRECT_OBJC_ISA_USAGE = YES_ERROR;
				CLANG_WARN_EMPTY_BODY = YES;
				CLANG_WARN_ENUM_CONVERSION = YES;
				CLANG_WARN_INT_CONVERSION = YES;
				CLANG_WARN_OBJC_ROOT_CLASS = YES_ERROR;
				CLANG_WARN_UNREACHABLE_CODE = YES;
				CLANG_WARN__DUPLICATE_METHOD_MATCH = YES;
				COPY_PHASE_STRIP = NO;
				DEBUG_INFORMATION_FORMAT = dwarf;
				ENABLE_STRICT_OBJC_MSGSEND = YES;
				GCC_C_LANGUAGE_STANDARD = gnu99;
				GCC_DYNAMIC_NO_PIC = NO;
				GCC_NO_COMMON_BLOCKS = YES;
				GCC_OPTIMIZATION_LEVEL = 0;
				GCC_PREPROCESSOR_DEFINITIONS = (
					"DEBUG=1",
					"$(inherited)",
				);
				GCC_SYMBOLS_PRIVATE_EXTERN = NO;
				GCC_WARN_64_TO_32_BIT_CONVERSION = YES;
				GCC_WARN_ABOUT_RETURN_TYPE = YES_ERROR;
				GCC_WARN_UNDECLARED_SELECTOR = YES;
				GCC_WARN_UNINITIALIZED_AUTOS = YES_AGGRESSIVE;
				GCC_WARN_UNUSED_FUNCTION = YES;
				GCC_WARN_UNUSED_VARIABLE = YES;
				MACOSX_DEPLOYMENT_TARGET = 10.10;
				MTL_ENABLE_DEBUG_INFO = YES;
				ONLY_ACTIVE_ARCH = YES;
				SDKROOT = macosx;
			};
			name = Debug;
		};
		27D69D361B76A1520090B455 /* Release */ = {
			isa = XCBuildConfiguration;
			buildSettings = {
				ALWAYS_SEARCH_USER_PATHS = NO;
				CLANG_CXX_LANGUAGE_STANDARD = "gnu++0x";
				CLANG_CXX_LIBRARY = "libc++";
				CLANG_ENABLE_MODULES = YES;
				CLANG_ENABLE_OBJC_ARC = YES;
				CLANG_WARN_BOOL_CONVERSION = YES;
				CLANG_WARN_CONSTANT_CONVERSION = YES;
				CLANG_WARN_DIRECT_OBJC_ISA_USAGE = YES_ERROR;
				CLANG_WARN_EMPTY_BODY = YES;
				CLANG_WARN_ENUM_CONVERSION = YES;
				CLANG_WARN_INT_CONVERSION = YES;
				CLANG_WARN_OBJC_ROOT_CLASS = YES_ERROR;
				CLANG_WARN_UNREACHABLE_CODE = YES;
				CLANG_WARN__DUPLICATE_METHOD_MATCH = YES;
				COPY_PHASE_STRIP = NO;
				DEBUG_INFORMATION_FORMAT = "dwarf-with-dsym";
				ENABLE_NS_ASSERTIONS = NO;
				ENABLE_STRICT_OBJC_MSGSEND = YES;
				GCC_C_LANGUAGE_STANDARD = gnu99;
				GCC_NO_COMMON_BLOCKS = YES;
				GCC_WARN_64_TO_32_BIT_CONVERSION = YES;
				GCC_WARN_ABOUT_RETURN_TYPE = YES_ERROR;
				GCC_WARN_UNDECLARED_SELECTOR = YES;
				GCC_WARN_UNINITIALIZED_AUTOS = YES_AGGRESSIVE;
				GCC_WARN_UNUSED_FUNCTION = YES;
				GCC_WARN_UNUSED_VARIABLE = YES;
				MACOSX_DEPLOYMENT_TARGET = 10.10;
				MTL_ENABLE_DEBUG_INFO = NO;
				SDKROOT = macosx;
			};
			name = Release;
		};
		27D69D381B76A1520090B455 /* Debug */ = {
			isa = XCBuildConfiguration;
			buildSettings = {
				PRODUCT_NAME = "$(TARGET_NAME)";
			};
			name = Debug;
		};
		27D69D391B76A1520090B455 /* Release */ = {
			isa = XCBuildConfiguration;
			buildSettings = {
				PRODUCT_NAME = "$(TARGET_NAME)";
			};
			name = Release;
		};
/* End XCBuildConfiguration section */

/* Begin XCConfigurationList section */
		27D69D2B1B76A1520090B455 /* Build configuration list for PBXProject "mexStereoTest" */ = {
			isa = XCConfigurationList;
			buildConfigurations = (
				27D69D351B76A1520090B455 /* Debug */,
				27D69D361B76A1520090B455 /* Release */,
			);
			defaultConfigurationIsVisible = 0;
			defaultConfigurationName = Release;
		};
		27D69D371B76A1520090B455 /* Build configuration list for PBXNativeTarget "mexStereoTest" */ = {
			isa = XCConfigurationList;
			buildConfigurations = (
				27D69D381B76A1520090B455 /* Debug */,
				27D69D391B76A1520090B455 /* Release */,
			);
			defaultConfigurationIsVisible = 0;
			defaultConfigurationName = Release;
		};
/* End XCConfigurationList section */
	};
	rootObject = 27D69D281B76A1520090B455 /* Project object */;
}
